
Microsoft Visual Studio Solution File, Format Version 12.00
# Visual Studio Version 17
VisualStudioVersion = 17.9.34728.123
MinimumVisualStudioVersion = 10.0.40219.1
Project("{9A19103F-16F7-4668-BE54-9A1E7A4F7556}") = "Blog.Domain", "Blog.Domain\Blog.Domain.csproj", "{AB2391E6-0F9C-48F6-9683-67197D2415C8}"
EndProject
Project("{9A19103F-16F7-4668-BE54-9A1E7A4F7556}") = "Blog.Tests", "Blog.Tests\Blog.Tests.csproj", "{B6D017DE-E604-4E1F-8D4A-A0715B5C55A4}"
EndProject
Project("{9A19103F-16F7-4668-BE54-9A1E7A4F7556}") = "Blog.Infra", "Blog.Infra\Blog.Infra.csproj", "{5EA57F6A-9301-4BCE-9728-657AF445EBB7}"
EndProject
Project("{9A19103F-16F7-4668-BE54-9A1E7A4F7556}") = "Blog.API", "Blog.API\Blog.API.csproj", "{DA7D6770-2096-4B8E-A6F8-DE03AAF6D700}"
EndProject
Project("{FAE04EC0-301F-11D3-BF4B-00C04F79EFBC}") = "Blog.Worker", "Blog.Worker\Blog.Worker.csproj", "{43270E1A-502A-45FF-80F7-EFC1098E5612}"
EndProject
Global
	GlobalSection(SolutionConfigurationPlatforms) = preSolution
		Debug|Any CPU = Debug|Any CPU
		Release|Any CPU = Release|Any CPU
	EndGlobalSection
	GlobalSection(ProjectConfigurationPlatforms) = postSolution
		{AB2391E6-0F9C-48F6-9683-67197D2415C8}.Debug|Any CPU.ActiveCfg = Debug|Any CPU
		{AB2391E6-0F9C-48F6-9683-67197D2415C8}.Debug|Any CPU.Build.0 = Debug|Any CPU
		{AB2391E6-0F9C-48F6-9683-67197D2415C8}.Release|Any CPU.ActiveCfg = Release|Any CPU
		{AB2391E6-0F9C-48F6-9683-67197D2415C8}.Release|Any CPU.Build.0 = Release|Any CPU
		{B6D017DE-E604-4E1F-8D4A-A0715B5C55A4}.Debug|Any CPU.ActiveCfg = Debug|Any CPU
		{B6D017DE-E604-4E1F-8D4A-A0715B5C55A4}.Debug|Any CPU.Build.0 = Debug|Any CPU
		{B6D017DE-E604-4E1F-8D4A-A0715B5C55A4}.Release|Any CPU.ActiveCfg = Release|Any CPU
		{B6D017DE-E604-4E1F-8D4A-A0715B5C55A4}.Release|Any CPU.Build.0 = Release|Any CPU
		{5EA57F6A-9301-4BCE-9728-657AF445EBB7}.Debug|Any CPU.ActiveCfg = Debug|Any CPU
		{5EA57F6A-9301-4BCE-9728-657AF445EBB7}.Debug|Any CPU.Build.0 = Debug|Any CPU
		{5EA57F6A-9301-4BCE-9728-657AF445EBB7}.Release|Any CPU.ActiveCfg = Release|Any CPU
		{5EA57F6A-9301-4BCE-9728-657AF445EBB7}.Release|Any CPU.Build.0 = Release|Any CPU
		{DA7D6770-2096-4B8E-A6F8-DE03AAF6D700}.Debug|Any CPU.ActiveCfg = Debug|Any CPU
		{DA7D6770-2096-4B8E-A6F8-DE03AAF6D700}.Debug|Any CPU.Build.0 = Debug|Any CPU
		{DA7D6770-2096-4B8E-A6F8-DE03AAF6D700}.Release|Any CPU.ActiveCfg = Release|Any CPU
		{DA7D6770-2096-4B8E-A6F8-DE03AAF6D700}.Release|Any CPU.Build.0 = Release|Any CPU
		{43270E1A-502A-45FF-80F7-EFC1098E5612}.Debug|Any CPU.ActiveCfg = Debug|Any CPU
		{43270E1A-502A-45FF-80F7-EFC1098E5612}.Debug|Any CPU.Build.0 = Debug|Any CPU
		{43270E1A-502A-45FF-80F7-EFC1098E5612}.Release|Any CPU.ActiveCfg = Release|Any CPU
		{43270E1A-502A-45FF-80F7-EFC1098E5612}.Release|Any CPU.Build.0 = Release|Any CPU
	EndGlobalSection
	GlobalSection(SolutionProperties) = preSolution
		HideSolutionNode = FALSE
	EndGlobalSection
	GlobalSection(ExtensibilityGlobals) = postSolution
		SolutionGuid = {D630A8A5-C702-4DA6-90A0-66372FBF4124}
	EndGlobalSection
EndGlobal
